
Microsoft Visual Studio Solution File, Format Version 12.00
# Visual Studio Version 17
VisualStudioVersion = 17.2.32526.322
MinimumVisualStudioVersion = 10.0.40219.1
Project("{FAE04EC0-301F-11D3-BF4B-00C04F79EFBC}") = "Console_TestCI", "Console_TestCI\Console_TestCI.csproj", "{A83EA208-9A68-48BB-A238-11F0C37D3CD7}"
EndProject
Global
	GlobalSection(SolutionConfigurationPlatforms) = preSolution
		Debug|Any CPU = Debug|Any CPU
		Release|Any CPU = Release|Any CPU
	EndGlobalSection
	GlobalSection(ProjectConfigurationPlatforms) = postSolution
		{A83EA208-9A68-48BB-A238-11F0C37D3CD7}.Debug|Any CPU.ActiveCfg = Debug|Any CPU
		{A83EA208-9A68-48BB-A238-11F0C37D3CD7}.Debug|Any CPU.Build.0 = Debug|Any CPU
		{A83EA208-9A68-48BB-A238-11F0C37D3CD7}.Release|Any CPU.ActiveCfg = Release|Any CPU
		{A83EA208-9A68-48BB-A238-11F0C37D3CD7}.Release|Any CPU.Build.0 = Release|Any CPU
	EndGlobalSection
	GlobalSection(SolutionProperties) = preSolution
		HideSolutionNode = FALSE
	EndGlobalSection
	GlobalSection(ExtensibilityGlobals) = postSolution
		SolutionGuid = {C43792DB-8AEC-4A07-B409-F62CF9FAB8BE}
	EndGlobalSection
EndGlobal
